
Microsoft Visual Studio Solution File, Format Version 12.00
# Visual Studio 15
VisualStudioVersion = 15.0.28307.421
MinimumVisualStudioVersion = 10.0.40219.1
Project("{FAE04EC0-301F-11D3-BF4B-00C04F79EFBC}") = "BecomeRich", "BecomeRich\BecomeRich.csproj", "{B43BCE8F-9F75-4862-BF55-E71C5E554965}"
EndProject
Global
	GlobalSection(SolutionConfigurationPlatforms) = preSolution
		Debug|Any CPU = Debug|Any CPU
		Release|Any CPU = Release|Any CPU
	EndGlobalSection
	GlobalSection(ProjectConfigurationPlatforms) = postSolution
		{B43BCE8F-9F75-4862-BF55-E71C5E554965}.Debug|Any CPU.ActiveCfg = Debug|Any CPU
		{B43BCE8F-9F75-4862-BF55-E71C5E554965}.Debug|Any CPU.Build.0 = Debug|Any CPU
		{B43BCE8F-9F75-4862-BF55-E71C5E554965}.Release|Any CPU.ActiveCfg = Release|Any CPU
		{B43BCE8F-9F75-4862-BF55-E71C5E554965}.Release|Any CPU.Build.0 = Release|Any CPU
	EndGlobalSection
	GlobalSection(SolutionProperties) = preSolution
		HideSolutionNode = FALSE
	EndGlobalSection
	GlobalSection(ExtensibilityGlobals) = postSolution
		SolutionGuid = {E215E3EC-944B-4312-8613-701655CD19F0}
	EndGlobalSection
EndGlobal
